{
  "name": "project",
  "version": "0.1.0",
  "lockfileVersion": 2,
  "requires": true,
  "packages": {
    "": {
      "name": "project",
      "version": "0.1.0",
      "dependencies": {
        "htmx.org": "^1.9.5",
        "spectre.css": "^0.5.9"
      }
    },
    "node_modules/htmx.org": {
      "version": "1.9.5",
      "resolved": "https://registry.npmjs.org/htmx.org/-/htmx.org-1.9.5.tgz",
      "integrity": "sha512-YUMH1/zOe+75bZnSbtkqwK8wAoTJcgvwVA2W6CXoODBtsg2F9HJIPzM3vzosevrilpV6jLAR6nKapKypBs7v2A=="
    },
    "node_modules/spectre.css": {
      "version": "0.5.9",
      "resolved": "https://registry.npmjs.org/spectre.css/-/spectre.css-0.5.9.tgz",
      "integrity": "sha512-9jUqwZmCnvflrxFGcK+ize43TvjwDjqMwZPVubEtSIHzvinH0TBUESm1LcOJx3Ur7bdPaeOHQIjOqBl1Y5kLFw=="
    }
  },
  "dependencies": {
    "htmx.org": {
      "version": "1.9.5",
      "resolved": "https://registry.npmjs.org/htmx.org/-/htmx.org-1.9.5.tgz",
      "integrity": "sha512-YUMH1/zOe+75bZnSbtkqwK8wAoTJcgvwVA2W6CXoODBtsg2F9HJIPzM3vzosevrilpV6jLAR6nKapKypBs7v2A=="
    },
    "spectre.css": {
      "version": "0.5.9",
      "resolved": "https://registry.npmjs.org/spectre.css/-/spectre.css-0.5.9.tgz",
      "integrity": "sha512-9jUqwZmCnvflrxFGcK+ize43TvjwDjqMwZPVubEtSIHzvinH0TBUESm1LcOJx3Ur7bdPaeOHQIjOqBl1Y5kLFw=="
    }
  }
}
